#MicroXplorer Configuration settings - do not modify
File.Version=6
KeepUserPlacement=false
Mcu.Family=STM32L4
Mcu.IP0=I2C3
Mcu.IP1=NVIC
Mcu.IP2=RCC
Mcu.IP3=SAI1
Mcu.IP4=SPI1
Mcu.IP5=SYS
Mcu.IP6=TSC
Mcu.IP7=USB_OTG_FS
Mcu.IPNb=8
Mcu.Name=STM32L476R(C-E-G)Tx
Mcu.Package=LQFP64
Mcu.Pin0=PH0/OSC_IN
Mcu.Pin1=PH1/OSC_OUT
Mcu.Pin10=PB13
Mcu.Pin11=PB14
Mcu.Pin12=PB15
Mcu.Pin13=PC6
Mcu.Pin14=PC7
Mcu.Pin15=PC8
Mcu.Pin16=PC9
Mcu.Pin17=PA9
Mcu.Pin18=PA11
Mcu.Pin19=PA12
Mcu.Pin2=PC0
Mcu.Pin20=PA13
Mcu.Pin21=PA14
Mcu.Pin22=PB5
Mcu.Pin23=PB8
Mcu.Pin24=PB9
Mcu.Pin25=VP_SAI1_VP_$IpInstance_SAIA_SAI_BASIC
Mcu.Pin26=VP_SAI1_VP_$IpInstance_SAIB_SAI_BASIC
Mcu.Pin27=VP_SYS_VS_Systick
Mcu.Pin3=PC1
Mcu.Pin4=PC3
Mcu.Pin5=PA5
Mcu.Pin6=PA6
Mcu.Pin7=PA7
Mcu.Pin8=PB10
Mcu.Pin9=PB12
Mcu.PinsNb=28
Mcu.UserConstants=
Mcu.UserName=STM32L476RETx
MxCube.Version=4.13.0
MxDb.Version=DB.4.0.130
NVIC.PriorityGroup=NVIC_PRIORITYGROUP_4
NVIC.SysTick_IRQn=true\:0\:0\:false
PA11.Mode=Device_Only
PA11.Signal=USB_OTG_FS_DM
PA12.Mode=Device_Only
PA12.Signal=USB_OTG_FS_DP
PA13.Mode=Serial-Wire
PA13.Signal=SYS_JTMS-SWDIO
PA14.Mode=Serial-Wire
PA14.Signal=SYS_JTCK-SWCLK
PA5.Mode=Full_Duplex_Master
PA5.Signal=SPI1_SCK
PA6.Mode=Full_Duplex_Master
PA6.Signal=SPI1_MISO
PA7.Mode=Full_Duplex_Master
PA7.Signal=SPI1_MOSI
PA9.Mode=Activate_VBUS
PA9.Signal=USB_OTG_FS_VBUS
PB10.Mode=SAI_A_MasterWithClock
PB10.Signal=SAI1_SCK_A
PB12.Mode=G1_IO1-Sampling
PB12.Signal=TSC_G1_IO1
PB13.Mode=G1_IO2-Channel
PB13.Signal=TSC_G1_IO2
PB14.Mode=G1_IO3-Channel
PB14.Signal=TSC_G1_IO3
PB15.Mode=G1_IO4-Channel
PB15.Signal=TSC_G1_IO4
PB5.Mode=SAI_B_SyncSlave
PB5.Signal=SAI1_SD_B
PB8.Mode=SAI_A_MasterWithClock
PB8.Signal=SAI1_MCLK_A
PB9.Mode=SAI_A_MasterWithClock
PB9.Signal=SAI1_FS_A
PC0.Mode=I2C
PC0.Signal=I2C3_SCL
PC1.Mode=I2C
PC1.Signal=I2C3_SDA
PC3.Mode=SAI_A_MasterWithClock
PC3.Signal=SAI1_SD_A
PC6.Mode=G4_IO1-Channel
PC6.Signal=TSC_G4_IO1
PC7.Mode=G4_IO2-Channel
PC7.Signal=TSC_G4_IO2
PC8.Mode=G4_IO3-Channel
PC8.Signal=TSC_G4_IO3
PC9.Mode=G4_IO4-Sampling
PC9.Signal=TSC_G4_IO4
PCC.Checker=true
PCC.Line=STM32L4x6
PCC.MCU=STM32L476R(C-E-G)Tx
PCC.MXVersion=4.13.0
PCC.PartNumber=STM32L476RETx
PCC.Seq0=0
PCC.Series=STM32L4
PCC.Temperature=25
PCC.Vdd=null
PH0/OSC_IN.Mode=HSE-External-Oscillator
PH0/OSC_IN.Signal=RCC_OSC_IN
PH1/OSC_OUT.Mode=HSE-External-Oscillator
PH1/OSC_OUT.Signal=RCC_OSC_OUT
RCC.FamilyName=M
RCC.HSE_VALUE=8000000
RCC.HSI_VALUE=16000000
RCC.IPParameters=FamilyName,LSE_VALUE,LSI_VALUE,LSCOPinFreq_Value,HSI_VALUE,HSE_VALUE,MSI_VALUE,VCOInputFreq_Value,VCOOutputFreq_Value,PLLPoutputFreq_Value,PLLQoutputFreq_Value,PLLRCLKFreq_Value,VCOSAI1OutputFreq_Value,PLLSAI1PoutputFreq_Value,SAI1Freq_Value,SAI2Freq_Value,PLLSAI1QoutputFreq_Value,PLLSAI1RoutputFreq_Value,VCOSAI2OutputFreq_Value,PLLSAI2PoutputFreq_Value,PLLSAI2RoutputFreq_Value
RCC.LSCOPinFreq_Value=32000
RCC.LSE_VALUE=32768
RCC.LSI_VALUE=32000
RCC.MSI_VALUE=4000000
RCC.PLLPoutputFreq_Value=4571428.571428572
RCC.PLLQoutputFreq_Value=16000000
RCC.PLLRCLKFreq_Value=16000000
RCC.PLLSAI1PoutputFreq_Value=4571428.571428572
RCC.PLLSAI1QoutputFreq_Value=16000000
RCC.PLLSAI1RoutputFreq_Value=16000000
RCC.PLLSAI2PoutputFreq_Value=4571428.571428572
RCC.PLLSAI2RoutputFreq_Value=16000000
RCC.SAI1Freq_Value=4571428.571428572
RCC.SAI2Freq_Value=4571428.571428572
RCC.VCOInputFreq_Value=4000000
RCC.VCOOutputFreq_Value=32000000
RCC.VCOSAI1OutputFreq_Value=32000000
RCC.VCOSAI2OutputFreq_Value=32000000
SAI1.IPParameters=Instance-SAI_A_MasterWithClock,MClockEnable-SAI_A_MasterWithClock,InitProtocol-SAI_A_MasterWithClock,VirtualProtocol-SAI_A_BASIC,Instance-SAI_B_SyncSlave,VirtualMode-SAI_B_SyncSlave,Synchro-SAI_B_SyncSlave,InitProtocol-SAI_B_SyncSlave,VirtualProtocol-SAI_B_BASIC
SAI1.InitProtocol-SAI_A_MasterWithClock=Enable
SAI1.InitProtocol-SAI_B_SyncSlave=Enable
SAI1.Instance-SAI_A_MasterWithClock=SAI$Index_Block_A
SAI1.Instance-SAI_B_SyncSlave=SAI$Index_Block_B
SAI1.MClockEnable-SAI_A_MasterWithClock=SAI_MASTERCLOCK_ENABLE
SAI1.Synchro-SAI_B_SyncSlave=SAI_SYNCHRONOUS
SAI1.VirtualMode-SAI_B_SyncSlave=VM_SLAVE
SAI1.VirtualProtocol-SAI_A_BASIC=VM_BASIC_PROTOCOL
SAI1.VirtualProtocol-SAI_B_BASIC=VM_BASIC_PROTOCOL
SPI1.CalculateBaudRate=2.0 MBits/s
SPI1.IPParameters=Mode,CalculateBaudRate
SPI1.Mode=SPI_MODE_MASTER
USB_OTG_FS.IPParameters=VirtualMode
USB_OTG_FS.VirtualMode=Device_Only
VP_SAI1_VP_$IpInstance_SAIA_SAI_BASIC.Mode=SAI_A_BASIC
VP_SAI1_VP_$IpInstance_SAIA_SAI_BASIC.Signal=SAI1_VP_$IpInstance_SAIA_SAI_BASIC
VP_SAI1_VP_$IpInstance_SAIB_SAI_BASIC.Mode=SAI_B_BASIC
VP_SAI1_VP_$IpInstance_SAIB_SAI_BASIC.Signal=SAI1_VP_$IpInstance_SAIB_SAI_BASIC
VP_SYS_VS_Systick.Mode=SysTick
VP_SYS_VS_Systick.Signal=SYS_VS_Systick
